
Microsoft Visual Studio Solution File, Format Version 12.00
# Visual Studio Version 16
VisualStudioVersion = 16.0.29613.14
MinimumVisualStudioVersion = 10.0.40219.1
Project("{2150E333-8FDC-42A3-9474-1A3956D46DE8}") = "src", "src", "{E1F1F1A1-1111-1111-1111-111111111111}"
EndProject
Project("{2150E333-8FDC-42A3-9474-1A3956D46DE8}") = "Tests", "Tests", "{E2F2F2A2-2222-2222-2222-222222222222}"
EndProject
Project("{2150E333-8FDC-42A3-9474-1A3956D46DE8}") = "Samples", "Samples", "{E3F3F3A3-3333-3333-3333-333333333333}"
EndProject
Project("{9A19103F-16F7-4668-BE54-9A1E7A4F7556}") = "Notification.Core", "src\Notification.Core\Notification.Core.csproj", "{A9CCDF56-FE2E-4BF1-9FFF-744734CBD83F}"
EndProject
Project("{9A19103F-16F7-4668-BE54-9A1E7A4F7556}") = "Notification.Wpf", "src\Notification.Wpf\Notification.Wpf.csproj", "{5C9A4F46-263D-4C23-B361-F09E14BB109E}"
EndProject
Project("{9A19103F-16F7-4668-BE54-9A1E7A4F7556}") = "Notification.Console", "src\Notification.Console\Notification.Console.csproj", "{8DBF3CD1-050D-48B6-90F9-824D4AF4B265}"
EndProject
Project("{9A19103F-16F7-4668-BE54-9A1E7A4F7556}") = "Notification.Avalonia", "src\Notification.Avalonia\Notification.Avalonia.csproj", "{177EEDB6-F8CE-4C0F-A8A1-893340EDEAAD}"
EndProject
Project("{9A19103F-16F7-4668-BE54-9A1E7A4F7556}") = "Notification.Maui", "src\Notification.Maui\Notification.Maui.csproj", "{59B8F70C-6F4F-46B1-806D-7CD9A347ED6E}"
EndProject
Project("{9A19103F-16F7-4668-BE54-9A1E7A4F7556}") = "Notification.Core.Tests", "Tests\Notification.Core.Tests\Notification.Core.Tests.csproj", "{C691DB6A-6A16-4BD3-A4D2-575635B5CFB9}"
EndProject
Project("{9A19103F-16F7-4668-BE54-9A1E7A4F7556}") = "Notification.Console.Tests", "Tests\Notification.Console.Tests\Notification.Console.Tests.csproj", "{12E3C86F-6FE1-446E-9EED-E102B2E951E4}"
EndProject
Project("{9A19103F-16F7-4668-BE54-9A1E7A4F7556}") = "Notification.Wpf.Tests", "Tests\Notification.Wpf.Tests\Notification.Wpf.Tests.csproj", "{2E014B64-6B31-4594-9F4C-2770BFA2A53D}"
EndProject
Project("{9A19103F-16F7-4668-BE54-9A1E7A4F7556}") = "Notification.Wpf.Sample", "Samples\Notification.Wpf.Sample\Notification.Wpf.Sample.csproj", "{A5C53F98-245C-4385-8950-42C4545C9CCD}"
EndProject
Project("{9A19103F-16F7-4668-BE54-9A1E7A4F7556}") = "Notification.Console.Sample", "Samples\Notification.Console.Sample\Notification.Console.Sample.csproj", "{81435248-7AC9-4300-A8BA-4CD75258B1FD}"
EndProject
Project("{9A19103F-16F7-4668-BE54-9A1E7A4F7556}") = "Notification.Avalonia.Sample", "Samples\Notification.Avalonia.Sample\Notification.Avalonia.Sample.csproj", "{5E34E742-EC68-44A4-AC30-27F691D882F4}"
EndProject
Project("{9A19103F-16F7-4668-BE54-9A1E7A4F7556}") = "Notification.Maui.Sample", "Samples\Notification.Maui.Sample\Notification.Maui.Sample.csproj", "{32BE573B-107F-4DB1-A23C-8EC8C424E476}"
EndProject
Global
	GlobalSection(SolutionConfigurationPlatforms) = preSolution
		Debug|Any CPU = Debug|Any CPU
		Debug|x64 = Debug|x64
		Debug|x86 = Debug|x86
		Release|Any CPU = Release|Any CPU
		Release|x64 = Release|x64
		Release|x86 = Release|x86
	EndGlobalSection
	GlobalSection(ProjectConfigurationPlatforms) = postSolution
		{5C9A4F46-263D-4C23-B361-F09E14BB109E}.Debug|Any CPU.ActiveCfg = Debug|Any CPU
		{5C9A4F46-263D-4C23-B361-F09E14BB109E}.Debug|Any CPU.Build.0 = Debug|Any CPU
		{5C9A4F46-263D-4C23-B361-F09E14BB109E}.Debug|x64.ActiveCfg = Debug|Any CPU
		{5C9A4F46-263D-4C23-B361-F09E14BB109E}.Debug|x64.Build.0 = Debug|Any CPU
		{5C9A4F46-263D-4C23-B361-F09E14BB109E}.Debug|x86.ActiveCfg = Debug|Any CPU
		{5C9A4F46-263D-4C23-B361-F09E14BB109E}.Debug|x86.Build.0 = Debug|Any CPU
		{5C9A4F46-263D-4C23-B361-F09E14BB109E}.Release|Any CPU.ActiveCfg = Release|Any CPU
		{5C9A4F46-263D-4C23-B361-F09E14BB109E}.Release|Any CPU.Build.0 = Release|Any CPU
		{5C9A4F46-263D-4C23-B361-F09E14BB109E}.Release|Any CPU.Deploy.0 = Release|Any CPU
		{5C9A4F46-263D-4C23-B361-F09E14BB109E}.Release|x64.ActiveCfg = Release|Any CPU
		{5C9A4F46-263D-4C23-B361-F09E14BB109E}.Release|x64.Build.0 = Release|Any CPU
		{5C9A4F46-263D-4C23-B361-F09E14BB109E}.Release|x86.ActiveCfg = Release|Any CPU
		{5C9A4F46-263D-4C23-B361-F09E14BB109E}.Release|x86.Build.0 = Release|Any CPU
		{A5C53F98-245C-4385-8950-42C4545C9CCD}.Debug|Any CPU.ActiveCfg = Debug|Any CPU
		{A5C53F98-245C-4385-8950-42C4545C9CCD}.Debug|Any CPU.Build.0 = Debug|Any CPU
		{A5C53F98-245C-4385-8950-42C4545C9CCD}.Debug|x64.ActiveCfg = Debug|Any CPU
		{A5C53F98-245C-4385-8950-42C4545C9CCD}.Debug|x64.Build.0 = Debug|Any CPU
		{A5C53F98-245C-4385-8950-42C4545C9CCD}.Debug|x86.ActiveCfg = Debug|Any CPU
		{A5C53F98-245C-4385-8950-42C4545C9CCD}.Debug|x86.Build.0 = Debug|Any CPU
		{A5C53F98-245C-4385-8950-42C4545C9CCD}.Release|Any CPU.ActiveCfg = Release|Any CPU
		{A5C53F98-245C-4385-8950-42C4545C9CCD}.Release|Any CPU.Build.0 = Release|Any CPU
		{A5C53F98-245C-4385-8950-42C4545C9CCD}.Release|x64.ActiveCfg = Release|Any CPU
		{A5C53F98-245C-4385-8950-42C4545C9CCD}.Release|x64.Build.0 = Release|Any CPU
		{A5C53F98-245C-4385-8950-42C4545C9CCD}.Release|x86.ActiveCfg = Release|Any CPU
		{A5C53F98-245C-4385-8950-42C4545C9CCD}.Release|x86.Build.0 = Release|Any CPU
		{A9CCDF56-FE2E-4BF1-9FFF-744734CBD83F}.Debug|Any CPU.ActiveCfg = Debug|Any CPU
		{A9CCDF56-FE2E-4BF1-9FFF-744734CBD83F}.Debug|Any CPU.Build.0 = Debug|Any CPU
		{A9CCDF56-FE2E-4BF1-9FFF-744734CBD83F}.Debug|x64.ActiveCfg = Debug|Any CPU
		{A9CCDF56-FE2E-4BF1-9FFF-744734CBD83F}.Debug|x64.Build.0 = Debug|Any CPU
		{A9CCDF56-FE2E-4BF1-9FFF-744734CBD83F}.Debug|x86.ActiveCfg = Debug|Any CPU
		{A9CCDF56-FE2E-4BF1-9FFF-744734CBD83F}.Debug|x86.Build.0 = Debug|Any CPU
		{A9CCDF56-FE2E-4BF1-9FFF-744734CBD83F}.Release|Any CPU.ActiveCfg = Release|Any CPU
		{A9CCDF56-FE2E-4BF1-9FFF-744734CBD83F}.Release|Any CPU.Build.0 = Release|Any CPU
		{A9CCDF56-FE2E-4BF1-9FFF-744734CBD83F}.Release|x64.ActiveCfg = Release|Any CPU
		{A9CCDF56-FE2E-4BF1-9FFF-744734CBD83F}.Release|x64.Build.0 = Release|Any CPU
		{A9CCDF56-FE2E-4BF1-9FFF-744734CBD83F}.Release|x86.ActiveCfg = Release|Any CPU
		{A9CCDF56-FE2E-4BF1-9FFF-744734CBD83F}.Release|x86.Build.0 = Release|Any CPU
		{8DBF3CD1-050D-48B6-90F9-824D4AF4B265}.Debug|Any CPU.ActiveCfg = Debug|Any CPU
		{8DBF3CD1-050D-48B6-90F9-824D4AF4B265}.Debug|Any CPU.Build.0 = Debug|Any CPU
		{8DBF3CD1-050D-48B6-90F9-824D4AF4B265}.Debug|x64.ActiveCfg = Debug|Any CPU
		{8DBF3CD1-050D-48B6-90F9-824D4AF4B265}.Debug|x64.Build.0 = Debug|Any CPU
		{8DBF3CD1-050D-48B6-90F9-824D4AF4B265}.Debug|x86.ActiveCfg = Debug|Any CPU
		{8DBF3CD1-050D-48B6-90F9-824D4AF4B265}.Debug|x86.Build.0 = Debug|Any CPU
		{8DBF3CD1-050D-48B6-90F9-824D4AF4B265}.Release|Any CPU.ActiveCfg = Release|Any CPU
		{8DBF3CD1-050D-48B6-90F9-824D4AF4B265}.Release|Any CPU.Build.0 = Release|Any CPU
		{8DBF3CD1-050D-48B6-90F9-824D4AF4B265}.Release|x64.ActiveCfg = Release|Any CPU
		{8DBF3CD1-050D-48B6-90F9-824D4AF4B265}.Release|x64.Build.0 = Release|Any CPU
		{8DBF3CD1-050D-48B6-90F9-824D4AF4B265}.Release|x86.ActiveCfg = Release|Any CPU
		{8DBF3CD1-050D-48B6-90F9-824D4AF4B265}.Release|x86.Build.0 = Release|Any CPU
		{81435248-7AC9-4300-A8BA-4CD75258B1FD}.Debug|Any CPU.ActiveCfg = Debug|Any CPU
		{81435248-7AC9-4300-A8BA-4CD75258B1FD}.Debug|Any CPU.Build.0 = Debug|Any CPU
		{81435248-7AC9-4300-A8BA-4CD75258B1FD}.Debug|x64.ActiveCfg = Debug|Any CPU
		{81435248-7AC9-4300-A8BA-4CD75258B1FD}.Debug|x64.Build.0 = Debug|Any CPU
		{81435248-7AC9-4300-A8BA-4CD75258B1FD}.Debug|x86.ActiveCfg = Debug|Any CPU
		{81435248-7AC9-4300-A8BA-4CD75258B1FD}.Debug|x86.Build.0 = Debug|Any CPU
		{81435248-7AC9-4300-A8BA-4CD75258B1FD}.Release|Any CPU.ActiveCfg = Release|Any CPU
		{81435248-7AC9-4300-A8BA-4CD75258B1FD}.Release|Any CPU.Build.0 = Release|Any CPU
		{81435248-7AC9-4300-A8BA-4CD75258B1FD}.Release|x64.ActiveCfg = Release|Any CPU
		{81435248-7AC9-4300-A8BA-4CD75258B1FD}.Release|x64.Build.0 = Release|Any CPU
		{81435248-7AC9-4300-A8BA-4CD75258B1FD}.Release|x86.ActiveCfg = Release|Any CPU
		{81435248-7AC9-4300-A8BA-4CD75258B1FD}.Release|x86.Build.0 = Release|Any CPU
		{177EEDB6-F8CE-4C0F-A8A1-893340EDEAAD}.Debug|Any CPU.ActiveCfg = Debug|Any CPU
		{177EEDB6-F8CE-4C0F-A8A1-893340EDEAAD}.Debug|Any CPU.Build.0 = Debug|Any CPU
		{177EEDB6-F8CE-4C0F-A8A1-893340EDEAAD}.Debug|x64.ActiveCfg = Debug|Any CPU
		{177EEDB6-F8CE-4C0F-A8A1-893340EDEAAD}.Debug|x64.Build.0 = Debug|Any CPU
		{177EEDB6-F8CE-4C0F-A8A1-893340EDEAAD}.Debug|x86.ActiveCfg = Debug|Any CPU
		{177EEDB6-F8CE-4C0F-A8A1-893340EDEAAD}.Debug|x86.Build.0 = Debug|Any CPU
		{177EEDB6-F8CE-4C0F-A8A1-893340EDEAAD}.Release|Any CPU.ActiveCfg = Release|Any CPU
		{177EEDB6-F8CE-4C0F-A8A1-893340EDEAAD}.Release|Any CPU.Build.0 = Release|Any CPU
		{177EEDB6-F8CE-4C0F-A8A1-893340EDEAAD}.Release|x64.ActiveCfg = Release|Any CPU
		{177EEDB6-F8CE-4C0F-A8A1-893340EDEAAD}.Release|x64.Build.0 = Release|Any CPU
		{177EEDB6-F8CE-4C0F-A8A1-893340EDEAAD}.Release|x86.ActiveCfg = Release|Any CPU
		{177EEDB6-F8CE-4C0F-A8A1-893340EDEAAD}.Release|x86.Build.0 = Release|Any CPU
		{5E34E742-EC68-44A4-AC30-27F691D882F4}.Debug|Any CPU.ActiveCfg = Debug|Any CPU
		{5E34E742-EC68-44A4-AC30-27F691D882F4}.Debug|Any CPU.Build.0 = Debug|Any CPU
		{5E34E742-EC68-44A4-AC30-27F691D882F4}.Debug|x64.ActiveCfg = Debug|Any CPU
		{5E34E742-EC68-44A4-AC30-27F691D882F4}.Debug|x64.Build.0 = Debug|Any CPU
		{5E34E742-EC68-44A4-AC30-27F691D882F4}.Debug|x86.ActiveCfg = Debug|Any CPU
		{5E34E742-EC68-44A4-AC30-27F691D882F4}.Debug|x86.Build.0 = Debug|Any CPU
		{5E34E742-EC68-44A4-AC30-27F691D882F4}.Release|Any CPU.ActiveCfg = Release|Any CPU
		{5E34E742-EC68-44A4-AC30-27F691D882F4}.Release|Any CPU.Build.0 = Release|Any CPU
		{5E34E742-EC68-44A4-AC30-27F691D882F4}.Release|x64.ActiveCfg = Release|Any CPU
		{5E34E742-EC68-44A4-AC30-27F691D882F4}.Release|x64.Build.0 = Release|Any CPU
		{5E34E742-EC68-44A4-AC30-27F691D882F4}.Release|x86.ActiveCfg = Release|Any CPU
		{5E34E742-EC68-44A4-AC30-27F691D882F4}.Release|x86.Build.0 = Release|Any CPU
		{59B8F70C-6F4F-46B1-806D-7CD9A347ED6E}.Debug|Any CPU.ActiveCfg = Debug|Any CPU
		{59B8F70C-6F4F-46B1-806D-7CD9A347ED6E}.Debug|Any CPU.Build.0 = Debug|Any CPU
		{59B8F70C-6F4F-46B1-806D-7CD9A347ED6E}.Debug|x64.ActiveCfg = Debug|Any CPU
		{59B8F70C-6F4F-46B1-806D-7CD9A347ED6E}.Debug|x64.Build.0 = Debug|Any CPU
		{59B8F70C-6F4F-46B1-806D-7CD9A347ED6E}.Debug|x86.ActiveCfg = Debug|Any CPU
		{59B8F70C-6F4F-46B1-806D-7CD9A347ED6E}.Debug|x86.Build.0 = Debug|Any CPU
		{59B8F70C-6F4F-46B1-806D-7CD9A347ED6E}.Release|Any CPU.ActiveCfg = Release|Any CPU
		{59B8F70C-6F4F-46B1-806D-7CD9A347ED6E}.Release|Any CPU.Build.0 = Release|Any CPU
		{59B8F70C-6F4F-46B1-806D-7CD9A347ED6E}.Release|x64.ActiveCfg = Release|Any CPU
		{59B8F70C-6F4F-46B1-806D-7CD9A347ED6E}.Release|x64.Build.0 = Release|Any CPU
		{59B8F70C-6F4F-46B1-806D-7CD9A347ED6E}.Release|x86.ActiveCfg = Release|Any CPU
		{59B8F70C-6F4F-46B1-806D-7CD9A347ED6E}.Release|x86.Build.0 = Release|Any CPU
		{32BE573B-107F-4DB1-A23C-8EC8C424E476}.Debug|Any CPU.ActiveCfg = Debug|Any CPU
		{32BE573B-107F-4DB1-A23C-8EC8C424E476}.Debug|Any CPU.Build.0 = Debug|Any CPU
		{32BE573B-107F-4DB1-A23C-8EC8C424E476}.Debug|x64.ActiveCfg = Debug|Any CPU
		{32BE573B-107F-4DB1-A23C-8EC8C424E476}.Debug|x64.Build.0 = Debug|Any CPU
		{32BE573B-107F-4DB1-A23C-8EC8C424E476}.Debug|x86.ActiveCfg = Debug|Any CPU
		{32BE573B-107F-4DB1-A23C-8EC8C424E476}.Debug|x86.Build.0 = Debug|Any CPU
		{32BE573B-107F-4DB1-A23C-8EC8C424E476}.Release|Any CPU.ActiveCfg = Release|Any CPU
		{32BE573B-107F-4DB1-A23C-8EC8C424E476}.Release|Any CPU.Build.0 = Release|Any CPU
		{32BE573B-107F-4DB1-A23C-8EC8C424E476}.Release|x64.ActiveCfg = Release|Any CPU
		{32BE573B-107F-4DB1-A23C-8EC8C424E476}.Release|x64.Build.0 = Release|Any CPU
		{32BE573B-107F-4DB1-A23C-8EC8C424E476}.Release|x86.ActiveCfg = Release|Any CPU
		{32BE573B-107F-4DB1-A23C-8EC8C424E476}.Release|x86.Build.0 = Release|Any CPU
		{C691DB6A-6A16-4BD3-A4D2-575635B5CFB9}.Debug|Any CPU.ActiveCfg = Debug|Any CPU
		{C691DB6A-6A16-4BD3-A4D2-575635B5CFB9}.Debug|Any CPU.Build.0 = Debug|Any CPU
		{C691DB6A-6A16-4BD3-A4D2-575635B5CFB9}.Debug|x64.ActiveCfg = Debug|Any CPU
		{C691DB6A-6A16-4BD3-A4D2-575635B5CFB9}.Debug|x64.Build.0 = Debug|Any CPU
		{C691DB6A-6A16-4BD3-A4D2-575635B5CFB9}.Debug|x86.ActiveCfg = Debug|Any CPU
		{C691DB6A-6A16-4BD3-A4D2-575635B5CFB9}.Debug|x86.Build.0 = Debug|Any CPU
		{C691DB6A-6A16-4BD3-A4D2-575635B5CFB9}.Release|Any CPU.ActiveCfg = Release|Any CPU
		{C691DB6A-6A16-4BD3-A4D2-575635B5CFB9}.Release|Any CPU.Build.0 = Release|Any CPU
		{C691DB6A-6A16-4BD3-A4D2-575635B5CFB9}.Release|x64.ActiveCfg = Release|Any CPU
		{C691DB6A-6A16-4BD3-A4D2-575635B5CFB9}.Release|x64.Build.0 = Release|Any CPU
		{C691DB6A-6A16-4BD3-A4D2-575635B5CFB9}.Release|x86.ActiveCfg = Release|Any CPU
		{C691DB6A-6A16-4BD3-A4D2-575635B5CFB9}.Release|x86.Build.0 = Release|Any CPU
		{12E3C86F-6FE1-446E-9EED-E102B2E951E4}.Debug|Any CPU.ActiveCfg = Debug|Any CPU
		{12E3C86F-6FE1-446E-9EED-E102B2E951E4}.Debug|Any CPU.Build.0 = Debug|Any CPU
		{12E3C86F-6FE1-446E-9EED-E102B2E951E4}.Debug|x64.ActiveCfg = Debug|Any CPU
		{12E3C86F-6FE1-446E-9EED-E102B2E951E4}.Debug|x64.Build.0 = Debug|Any CPU
		{12E3C86F-6FE1-446E-9EED-E102B2E951E4}.Debug|x86.ActiveCfg = Debug|Any CPU
		{12E3C86F-6FE1-446E-9EED-E102B2E951E4}.Debug|x86.Build.0 = Debug|Any CPU
		{12E3C86F-6FE1-446E-9EED-E102B2E951E4}.Release|Any CPU.ActiveCfg = Release|Any CPU
		{12E3C86F-6FE1-446E-9EED-E102B2E951E4}.Release|Any CPU.Build.0 = Release|Any CPU
		{12E3C86F-6FE1-446E-9EED-E102B2E951E4}.Release|x64.ActiveCfg = Release|Any CPU
		{12E3C86F-6FE1-446E-9EED-E102B2E951E4}.Release|x64.Build.0 = Release|Any CPU
		{12E3C86F-6FE1-446E-9EED-E102B2E951E4}.Release|x86.ActiveCfg = Release|Any CPU
		{12E3C86F-6FE1-446E-9EED-E102B2E951E4}.Release|x86.Build.0 = Release|Any CPU
		{2E014B64-6B31-4594-9F4C-2770BFA2A53D}.Debug|Any CPU.ActiveCfg = Debug|Any CPU
		{2E014B64-6B31-4594-9F4C-2770BFA2A53D}.Debug|Any CPU.Build.0 = Debug|Any CPU
		{2E014B64-6B31-4594-9F4C-2770BFA2A53D}.Debug|x64.ActiveCfg = Debug|Any CPU
		{2E014B64-6B31-4594-9F4C-2770BFA2A53D}.Debug|x64.Build.0 = Debug|Any CPU
		{2E014B64-6B31-4594-9F4C-2770BFA2A53D}.Debug|x86.ActiveCfg = Debug|Any CPU
		{2E014B64-6B31-4594-9F4C-2770BFA2A53D}.Debug|x86.Build.0 = Debug|Any CPU
		{2E014B64-6B31-4594-9F4C-2770BFA2A53D}.Release|Any CPU.ActiveCfg = Release|Any CPU
		{2E014B64-6B31-4594-9F4C-2770BFA2A53D}.Release|Any CPU.Build.0 = Release|Any CPU
		{2E014B64-6B31-4594-9F4C-2770BFA2A53D}.Release|x64.ActiveCfg = Release|Any CPU
		{2E014B64-6B31-4594-9F4C-2770BFA2A53D}.Release|x64.Build.0 = Release|Any CPU
		{2E014B64-6B31-4594-9F4C-2770BFA2A53D}.Release|x86.ActiveCfg = Release|Any CPU
		{2E014B64-6B31-4594-9F4C-2770BFA2A53D}.Release|x86.Build.0 = Release|Any CPU
	EndGlobalSection
	GlobalSection(SolutionProperties) = preSolution
		HideSolutionNode = FALSE
	EndGlobalSection
	GlobalSection(NestedProjects) = preSolution
		{A9CCDF56-FE2E-4BF1-9FFF-744734CBD83F} = {E1F1F1A1-1111-1111-1111-111111111111}
		{5C9A4F46-263D-4C23-B361-F09E14BB109E} = {E1F1F1A1-1111-1111-1111-111111111111}
		{8DBF3CD1-050D-48B6-90F9-824D4AF4B265} = {E1F1F1A1-1111-1111-1111-111111111111}
		{177EEDB6-F8CE-4C0F-A8A1-893340EDEAAD} = {E1F1F1A1-1111-1111-1111-111111111111}
		{59B8F70C-6F4F-46B1-806D-7CD9A347ED6E} = {E1F1F1A1-1111-1111-1111-111111111111}
		{C691DB6A-6A16-4BD3-A4D2-575635B5CFB9} = {E2F2F2A2-2222-2222-2222-222222222222}
		{12E3C86F-6FE1-446E-9EED-E102B2E951E4} = {E2F2F2A2-2222-2222-2222-222222222222}
		{2E014B64-6B31-4594-9F4C-2770BFA2A53D} = {E2F2F2A2-2222-2222-2222-222222222222}
		{A5C53F98-245C-4385-8950-42C4545C9CCD} = {E3F3F3A3-3333-3333-3333-333333333333}
		{81435248-7AC9-4300-A8BA-4CD75258B1FD} = {E3F3F3A3-3333-3333-3333-333333333333}
		{5E34E742-EC68-44A4-AC30-27F691D882F4} = {E3F3F3A3-3333-3333-3333-333333333333}
		{32BE573B-107F-4DB1-A23C-8EC8C424E476} = {E3F3F3A3-3333-3333-3333-333333333333}
	EndGlobalSection
	GlobalSection(ExtensibilityGlobals) = postSolution
		SolutionGuid = {390EEA52-ED66-42A0-BE35-094EF711AE40}
	EndGlobalSection
EndGlobal
